
Microsoft Visual Studio Solution File, Format Version 12.00
# Visual Studio Version 17
VisualStudioVersion = 17.4.33103.184
MinimumVisualStudioVersion = 10.0.40219.1
Project("{FAE04EC0-301F-11D3-BF4B-00C04F79EFBC}") = "SolveMeFirst", "SolveMeFirst\SolveMeFirst.csproj", "{C5FF8967-BFD9-4730-B835-AD26A9EC1049}"
EndProject
Project("{FAE04EC0-301F-11D3-BF4B-00C04F79EFBC}") = "SimpleArraySum", "SimpleArraySum\SimpleArraySum.csproj", "{66AE30E9-2FCC-4ECF-B623-A6922A9DE68E}"
EndProject
Global
	GlobalSection(SolutionConfigurationPlatforms) = preSolution
		Debug|Any CPU = Debug|Any CPU
		Release|Any CPU = Release|Any CPU
	EndGlobalSection
	GlobalSection(ProjectConfigurationPlatforms) = postSolution
		{C5FF8967-BFD9-4730-B835-AD26A9EC1049}.Debug|Any CPU.ActiveCfg = Debug|Any CPU
		{C5FF8967-BFD9-4730-B835-AD26A9EC1049}.Debug|Any CPU.Build.0 = Debug|Any CPU
		{C5FF8967-BFD9-4730-B835-AD26A9EC1049}.Release|Any CPU.ActiveCfg = Release|Any CPU
		{C5FF8967-BFD9-4730-B835-AD26A9EC1049}.Release|Any CPU.Build.0 = Release|Any CPU
		{66AE30E9-2FCC-4ECF-B623-A6922A9DE68E}.Debug|Any CPU.ActiveCfg = Debug|Any CPU
		{66AE30E9-2FCC-4ECF-B623-A6922A9DE68E}.Debug|Any CPU.Build.0 = Debug|Any CPU
		{66AE30E9-2FCC-4ECF-B623-A6922A9DE68E}.Release|Any CPU.ActiveCfg = Release|Any CPU
		{66AE30E9-2FCC-4ECF-B623-A6922A9DE68E}.Release|Any CPU.Build.0 = Release|Any CPU
	EndGlobalSection
	GlobalSection(SolutionProperties) = preSolution
		HideSolutionNode = FALSE
	EndGlobalSection
	GlobalSection(ExtensibilityGlobals) = postSolution
		SolutionGuid = {125613AA-F4E5-4C5E-AE32-8894F6E8D917}
	EndGlobalSection
EndGlobal
